
Microsoft Visual Studio Solution File, Format Version 12.00
# Visual Studio Version 17
VisualStudioVersion = 17.10.34928.147
MinimumVisualStudioVersion = 10.0.40219.1
Project("{9A19103F-16F7-4668-BE54-9A1E7A4F7556}") = "wws.API", "wws.API\wws.API.csproj", "{A5CD448C-B9C9-4AEC-AF2E-9C271BD5B036}"
EndProject
Project("{9A19103F-16F7-4668-BE54-9A1E7A4F7556}") = "wws.Client", "wws.Client\wws.Client.csproj", "{0898B456-D1B6-47EA-B209-9CD06C898027}"
EndProject
Project("{E53339B2-1760-4266-BCC7-CA923CBCF16C}") = "docker-compose", "docker-compose.dcproj", "{641EA312-C175-47CC-8D7F-9C6849996BB2}"
EndProject
Global
	GlobalSection(SolutionConfigurationPlatforms) = preSolution
		Debug|Any CPU = Debug|Any CPU
		Release|Any CPU = Release|Any CPU
	EndGlobalSection
	GlobalSection(ProjectConfigurationPlatforms) = postSolution
		{A5CD448C-B9C9-4AEC-AF2E-9C271BD5B036}.Debug|Any CPU.ActiveCfg = Debug|Any CPU
		{A5CD448C-B9C9-4AEC-AF2E-9C271BD5B036}.Debug|Any CPU.Build.0 = Debug|Any CPU
		{A5CD448C-B9C9-4AEC-AF2E-9C271BD5B036}.Release|Any CPU.ActiveCfg = Release|Any CPU
		{A5CD448C-B9C9-4AEC-AF2E-9C271BD5B036}.Release|Any CPU.Build.0 = Release|Any CPU
		{0898B456-D1B6-47EA-B209-9CD06C898027}.Debug|Any CPU.ActiveCfg = Debug|Any CPU
		{0898B456-D1B6-47EA-B209-9CD06C898027}.Debug|Any CPU.Build.0 = Debug|Any CPU
		{0898B456-D1B6-47EA-B209-9CD06C898027}.Release|Any CPU.ActiveCfg = Release|Any CPU
		{0898B456-D1B6-47EA-B209-9CD06C898027}.Release|Any CPU.Build.0 = Release|Any CPU
		{641EA312-C175-47CC-8D7F-9C6849996BB2}.Debug|Any CPU.ActiveCfg = Debug|Any CPU
		{641EA312-C175-47CC-8D7F-9C6849996BB2}.Debug|Any CPU.Build.0 = Debug|Any CPU
		{641EA312-C175-47CC-8D7F-9C6849996BB2}.Release|Any CPU.ActiveCfg = Release|Any CPU
		{641EA312-C175-47CC-8D7F-9C6849996BB2}.Release|Any CPU.Build.0 = Release|Any CPU
	EndGlobalSection
	GlobalSection(SolutionProperties) = preSolution
		HideSolutionNode = FALSE
	EndGlobalSection
	GlobalSection(ExtensibilityGlobals) = postSolution
		SolutionGuid = {EE1585B6-2966-448F-AE0B-C673065EDD1A}
	EndGlobalSection
EndGlobal
